dependencies:
- name: renovate
  repository: https://docs.renovatebot.com/helm-charts/
  version: 46.352.2
- name: valkey
  repository: https://valkey.io/valkey-helm/
  version: 0.12.0
digest: sha256:e099934ef5662a4311f2f9ded6d1f20f4480127baaadfc30ce2f260e8950f3e5
generated: "2026-10-10T14:30:13.094764266Z"
