dependencies:
- name: renovate
  repository: https://docs.renovatebot.com/helm-charts/
  version: 46.351.4
- name: valkey
  repository: https://valkey.io/valkey-helm/
  version: 0.12.0
digest: sha256:0370716a6b2a2298a1dc2f52559b2a9e09ae1dbc3f36637f31f4499c7800190c
generated: "2026-10-09T07:27:18.604111662Z"
